
Microsoft Visual Studio Solution File, Format Version 12.00
# Visual Studio 15
VisualStudioVersion = 15.0.28307.421
MinimumVisualStudioVersion = 10.0.40219.1
Project("{9A19103F-16F7-4668-BE54-9A1E7A4F7556}") = "PlayNGoCoffee", "PlayNGoCoffee\PlayNGoCoffee.csproj", "{3F41299C-AA5C-4CEF-A9C4-226B501F330A}"
EndProject
Project("{FAE04EC0-301F-11D3-BF4B-00C04F79EFBC}") = "PlayNGoCoffee.Data", "PlayNGoCoffee.Data\PlayNGoCoffee.Data.csproj", "{A18E210B-96AF-4E51-B396-F23010750340}"
EndProject
Global
	GlobalSection(SolutionConfigurationPlatforms) = preSolution
		Debug|Any CPU = Debug|Any CPU
		Release|Any CPU = Release|Any CPU
	EndGlobalSection
	GlobalSection(ProjectConfigurationPlatforms) = postSolution
		{3F41299C-AA5C-4CEF-A9C4-226B501F330A}.Debug|Any CPU.ActiveCfg = Debug|Any CPU
		{3F41299C-AA5C-4CEF-A9C4-226B501F330A}.Debug|Any CPU.Build.0 = Debug|Any CPU
		{3F41299C-AA5C-4CEF-A9C4-226B501F330A}.Release|Any CPU.ActiveCfg = Release|Any CPU
		{3F41299C-AA5C-4CEF-A9C4-226B501F330A}.Release|Any CPU.Build.0 = Release|Any CPU
		{A18E210B-96AF-4E51-B396-F23010750340}.Debug|Any CPU.ActiveCfg = Debug|Any CPU
		{A18E210B-96AF-4E51-B396-F23010750340}.Debug|Any CPU.Build.0 = Debug|Any CPU
		{A18E210B-96AF-4E51-B396-F23010750340}.Release|Any CPU.ActiveCfg = Release|Any CPU
		{A18E210B-96AF-4E51-B396-F23010750340}.Release|Any CPU.Build.0 = Release|Any CPU
	EndGlobalSection
	GlobalSection(SolutionProperties) = preSolution
		HideSolutionNode = FALSE
	EndGlobalSection
	GlobalSection(ExtensibilityGlobals) = postSolution
		SolutionGuid = {6BE61475-34BC-44C3-BB4E-E403A39A6774}
	EndGlobalSection
EndGlobal
